
Microsoft Visual Studio Solution File, Format Version 12.00
# Visual Studio Version 16
VisualStudioVersion = 16.0.30320.27
MinimumVisualStudioVersion = 10.0.40219.1
Project("{FAE04EC0-301F-11D3-BF4B-00C04F79EFBC}") = "ALGON.LeetCodeProblems", "ALGON.LeetCodeProblems\ALGON.LeetCodeProblems.csproj", "{98223E22-AF55-4998-B3BB-4C5E2FB741A0}"
EndProject
Global
	GlobalSection(SolutionConfigurationPlatforms) = preSolution
		Debug|Any CPU = Debug|Any CPU
		Release|Any CPU = Release|Any CPU
	EndGlobalSection
	GlobalSection(ProjectConfigurationPlatforms) = postSolution
		{98223E22-AF55-4998-B3BB-4C5E2FB741A0}.Debug|Any CPU.ActiveCfg = Debug|Any CPU
		{98223E22-AF55-4998-B3BB-4C5E2FB741A0}.Debug|Any CPU.Build.0 = Debug|Any CPU
		{98223E22-AF55-4998-B3BB-4C5E2FB741A0}.Release|Any CPU.ActiveCfg = Release|Any CPU
		{98223E22-AF55-4998-B3BB-4C5E2FB741A0}.Release|Any CPU.Build.0 = Release|Any CPU
	EndGlobalSection
	GlobalSection(SolutionProperties) = preSolution
		HideSolutionNode = FALSE
	EndGlobalSection
	GlobalSection(ExtensibilityGlobals) = postSolution
		SolutionGuid = {B72DD268-8B66-4ECD-96D4-9643EF0C2B9B}
	EndGlobalSection
EndGlobal
