
Microsoft Visual Studio Solution File, Format Version 12.00
# Visual Studio Version 16
VisualStudioVersion = 16.0.30320.27
MinimumVisualStudioVersion = 10.0.40219.1
Project("{9A19103F-16F7-4668-BE54-9A1E7A4F7556}") = "ALGON.LeetCodeProblems", "ALGON.LeetCodeProblems\ALGON.LeetCodeProblems.csproj", "{98223E22-AF55-4998-B3BB-4C5E2FB741A0}"
EndProject
Project("{9A19103F-16F7-4668-BE54-9A1E7A4F7556}") = "ALGON.LeetCodeProblemsRunner", "ALGON.LeetCodeProblemsRunner\ALGON.LeetCodeProblemsRunner.csproj", "{829E5647-E5B3-4491-9373-3EF47EF1BF35}"
EndProject
Project("{2150E333-8FDC-42A3-9474-1A3956D46DE8}") = "ALGON.LeetCode.StudyPlan.Algorithm - 1", "ALGON.LeetCode.StudyPlan.Algorithm - 1", "{911AAD54-4FF3-4B75-B19B-B6B40084CC70}"
EndProject
Project("{2150E333-8FDC-42A3-9474-1A3956D46DE8}") = "1 Day - Binary Search", "1 Day - Binary Search", "{15D138B2-5BE4-43EA-B5F1-A1A68E2895BC}"
EndProject
Project("{2150E333-8FDC-42A3-9474-1A3956D46DE8}") = "2 Day - Two pointers", "2 Day - Two pointers", "{A35BE5F0-0694-4B75-A8AB-A0B8BA73B009}"
EndProject
Project("{9A19103F-16F7-4668-BE54-9A1E7A4F7556}") = "Day2.TwoPointers", "Day2.TwoPointers\Day2.TwoPointers.csproj", "{7939F71C-C1B0-4591-8A45-F737AAD5EFAE}"
EndProject
Project("{9A19103F-16F7-4668-BE54-9A1E7A4F7556}") = "Day1.BinarySearch", "Day1.BinarySearch\Day1.BinarySearch.csproj", "{75778609-133C-45D4-AC3F-A2EED6DBF513}"
EndProject
Project("{2150E333-8FDC-42A3-9474-1A3956D46DE8}") = "3 Day - Two pointers", "3 Day - Two pointers", "{3233440D-49F1-4FA7-AFE1-56FAD8B85AB8}"
EndProject
Project("{9A19103F-16F7-4668-BE54-9A1E7A4F7556}") = "Day3.TwoPointers", "Day3.TwoPointers\Day3.TwoPointers.csproj", "{99027627-8B9E-46CD-B450-EBF503D480E4}"
EndProject
Project("{2150E333-8FDC-42A3-9474-1A3956D46DE8}") = "4 Day - Two pointers", "4 Day - Two pointers", "{BC88D5B7-475A-4349-A041-439E45B78E74}"
EndProject
Project("{9A19103F-16F7-4668-BE54-9A1E7A4F7556}") = "Day4.TwoPointers", "Day4.TwoPointers\Day4.TwoPointers.csproj", "{C5C4DD7D-88D9-457C-868D-933B49073883}"
EndProject
Project("{2150E333-8FDC-42A3-9474-1A3956D46DE8}") = "5 Day - Two pointers", "5 Day - Two pointers", "{DC35D1C9-F91A-4899-9A0A-0A3DE6C4095C}"
EndProject
Project("{9A19103F-16F7-4668-BE54-9A1E7A4F7556}") = "Day5.TwoPointers", "Day5.TwoPointers\Day5.TwoPointers.csproj", "{D83AF8E5-CF39-460A-B8C9-242C249105E5}"
EndProject
Project("{2150E333-8FDC-42A3-9474-1A3956D46DE8}") = "6 Day - Sliding Window", "6 Day - Sliding Window", "{5643A00C-B139-47CE-AD57-EBE674FD3349}"
EndProject
Project("{9A19103F-16F7-4668-BE54-9A1E7A4F7556}") = "Day6.SlidingWindow", "Day6.SlidingWindow\Day6.SlidingWindow.csproj", "{6D8498FF-E241-4166-9F49-E9BAE5C36371}"
EndProject
Project("{2150E333-8FDC-42A3-9474-1A3956D46DE8}") = "Additional problems", "Additional problems", "{5824784B-CF21-42C8-A123-BB7DFF606E8E}"
EndProject
Project("{9A19103F-16F7-4668-BE54-9A1E7A4F7556}") = "Problems.BinarySearch", "Problems.BinarySearch\Problems.BinarySearch.csproj", "{853A701B-A6B7-444F-A123-14B72ACE1176}"
EndProject
Project("{9A19103F-16F7-4668-BE54-9A1E7A4F7556}") = "Problems.SlidingWindow", "Problems.SlidingWindow\Problems.SlidingWindow.csproj", "{A428DF42-B88D-49EC-94BB-6454DFC297C5}"
EndProject
Project("{2150E333-8FDC-42A3-9474-1A3956D46DE8}") = "7 Day - Bfs-Dfs", "7 Day - Bfs-Dfs", "{57AE1C32-1C8F-4241-8125-ED701406A49F}"
EndProject
Project("{9A19103F-16F7-4668-BE54-9A1E7A4F7556}") = "Day7.BfsDfs", "Day7.BfsDfs\Day7.BfsDfs.csproj", "{5AE41D00-6A77-464E-A4B8-66B6D911568A}"
EndProject
Project("{2150E333-8FDC-42A3-9474-1A3956D46DE8}") = "8 Day - Bfs-Dfs", "8 Day - Bfs-Dfs", "{F9663D61-CE2F-4557-89D1-7DA571C4FCC7}"
EndProject
Project("{9A19103F-16F7-4668-BE54-9A1E7A4F7556}") = "Day8.BfsDfs", "Day8.BfsDfs\Day8.BfsDfs.csproj", "{E5204137-6D86-46B7-A12D-F0B6A0EEE1C4}"
EndProject
Project("{9A19103F-16F7-4668-BE54-9A1E7A4F7556}") = "Problems.BinaryTrees", "Problems.BinaryTrees\Problems.BinaryTrees.csproj", "{9B889B94-A006-4350-BD6B-AB2ABC9DE6A4}"
EndProject
Project("{2150E333-8FDC-42A3-9474-1A3956D46DE8}") = "9 Day - Bfs-Dfs", "9 Day - Bfs-Dfs", "{AA1818C6-AD57-49D6-8EFE-B6F60F05B114}"
EndProject
Project("{9A19103F-16F7-4668-BE54-9A1E7A4F7556}") = "Day9.BdfDfs", "Day9.BdfDfs\Day9.BdfDfs.csproj", "{2DA36BAD-C26B-49FA-9218-B053CCDE0526}"
EndProject
Project("{2150E333-8FDC-42A3-9474-1A3956D46DE8}") = "10 Day - Recursion-Backtracking", "10 Day - Recursion-Backtracking", "{6D437F1E-5D93-4AB5-8121-A2BEEB1B77DF}"
EndProject
Project("{9A19103F-16F7-4668-BE54-9A1E7A4F7556}") = "Day10.RecursionBacktracking", "Day10.RecursionBacktracking\Day10.RecursionBacktracking.csproj", "{D9BB2CA3-F8E4-4DDB-94C1-B6D630DF17FA}"
EndProject
Project("{2150E333-8FDC-42A3-9474-1A3956D46DE8}") = "11 Day - Recursion-Backtracking", "11 Day - Recursion-Backtracking", "{66EB132E-199B-4A5D-AC46-D584994E49E0}"
EndProject
Project("{9A19103F-16F7-4668-BE54-9A1E7A4F7556}") = "Day11.RecursionBacktracking", "Day11.RecursionBacktracking\Day11.RecursionBacktracking.csproj", "{7DB58FCF-11A7-405F-A2D9-B70AF302FD5B}"
EndProject
Project("{9A19103F-16F7-4668-BE54-9A1E7A4F7556}") = "Problems.DP", "Problems.DP\Problems.DP.csproj", "{618F6B4C-490B-49A0-A664-18E63A7CD646}"
EndProject
Project("{2150E333-8FDC-42A3-9474-1A3956D46DE8}") = "Multithreading", "Multithreading", "{C65AE653-BD6D-4D51-8261-B414124BBEC2}"
EndProject
Project("{2150E333-8FDC-42A3-9474-1A3956D46DE8}") = "Problems", "Problems", "{B65A414C-003B-46AE-BEEB-D6E3B26164B5}"
	ProjectSection(SolutionItems) = preProject
		Multithreading\Problems\problems.readme = Multithreading\Problems\problems.readme
	EndProjectSection
EndProject
Project("{2150E333-8FDC-42A3-9474-1A3956D46DE8}") = "1 - ProducerConsumer", "1 - ProducerConsumer", "{B883DBD3-63AE-4D00-BE53-5905D24DE911}"
	ProjectSection(SolutionItems) = preProject
		Multithreading\Problems\1 - ProducerConsumer\problem_definition.readme = Multithreading\Problems\1 - ProducerConsumer\problem_definition.readme
	EndProjectSection
EndProject
Project("{2150E333-8FDC-42A3-9474-1A3956D46DE8}") = "6 - Semaphore", "6 - Semaphore", "{415BBC99-BDB4-46C5-BFCB-FFBB36231456}"
	ProjectSection(SolutionItems) = preProject
		Multithreading\Problems\6 - Semaphore\problem_definition.readme = Multithreading\Problems\6 - Semaphore\problem_definition.readme
	EndProjectSection
EndProject
Project("{2150E333-8FDC-42A3-9474-1A3956D46DE8}") = "7 - AutoResetEvent", "7 - AutoResetEvent", "{E39180B3-ABAF-4EE3-B24B-9DAEE1401BC5}"
EndProject
Project("{2150E333-8FDC-42A3-9474-1A3956D46DE8}") = "8 - Barrier", "8 - Barrier", "{F5D6812D-B177-4167-8492-8EC474B1E7A1}"
EndProject
Project("{9A19103F-16F7-4668-BE54-9A1E7A4F7556}") = "ProducerConsumer.Problem", "Multithreading\Problems\1 - ProducerConsumer\ProducerConsumer.Problem\ProducerConsumer.Problem.csproj", "{8D2435C0-0D78-48CB-AAC0-B4E7F9C5235C}"
EndProject
Project("{9A19103F-16F7-4668-BE54-9A1E7A4F7556}") = "ProducerConsumer.Runner", "Multithreading\Problems\1 - ProducerConsumer\ProducerConsumer.Runner\ProducerConsumer.Runner.csproj", "{156D73AB-5970-4073-930D-9F599B29C3E1}"
EndProject
Project("{9A19103F-16F7-4668-BE54-9A1E7A4F7556}") = "ProducerConsumer.Solutions", "Multithreading\Problems\1 - ProducerConsumer\ProducerConsumer.Solutions\ProducerConsumer.Solutions.csproj", "{C3C13D1B-C96B-4CEA-9392-F552B585D767}"
EndProject
Project("{9A19103F-16F7-4668-BE54-9A1E7A4F7556}") = "Semaphore.Problem", "Multithreading\Problems\6 - Semaphore\Semaphore.Problem\Semaphore.Problem.csproj", "{A55111F2-50A5-4BFE-AD36-0B57F4E33FF1}"
EndProject
Project("{9A19103F-16F7-4668-BE54-9A1E7A4F7556}") = "Semaphore.Runner", "Multithreading\Problems\6 - Semaphore\Semaphore.Runner\Semaphore.Runner.csproj", "{DDDFAE10-1804-415C-ABF7-487102A6969D}"
EndProject
Project("{9A19103F-16F7-4668-BE54-9A1E7A4F7556}") = "Semaphore.Solutions", "Multithreading\Problems\6 - Semaphore\Semaphore.Solutions\Semaphore.Solutions.csproj", "{CB5392A3-D473-4302-B6B0-2E186DE22A98}"
EndProject
Project("{FAE04EC0-301F-11D3-BF4B-00C04F79EFBC}") = "Multithreading.Problems", "Multithreading.Problems\Multithreading.Problems.csproj", "{3B1BC2D9-FB5C-4B72-AB13-4A54795EC318}"
EndProject
Global
	GlobalSection(SolutionConfigurationPlatforms) = preSolution
		Debug|Any CPU = Debug|Any CPU
		Release|Any CPU = Release|Any CPU
	EndGlobalSection
	GlobalSection(ProjectConfigurationPlatforms) = postSolution
		{98223E22-AF55-4998-B3BB-4C5E2FB741A0}.Debug|Any CPU.ActiveCfg = Debug|Any CPU
		{98223E22-AF55-4998-B3BB-4C5E2FB741A0}.Debug|Any CPU.Build.0 = Debug|Any CPU
		{98223E22-AF55-4998-B3BB-4C5E2FB741A0}.Release|Any CPU.ActiveCfg = Release|Any CPU
		{98223E22-AF55-4998-B3BB-4C5E2FB741A0}.Release|Any CPU.Build.0 = Release|Any CPU
		{829E5647-E5B3-4491-9373-3EF47EF1BF35}.Debug|Any CPU.ActiveCfg = Debug|Any CPU
		{829E5647-E5B3-4491-9373-3EF47EF1BF35}.Debug|Any CPU.Build.0 = Debug|Any CPU
		{829E5647-E5B3-4491-9373-3EF47EF1BF35}.Release|Any CPU.ActiveCfg = Release|Any CPU
		{829E5647-E5B3-4491-9373-3EF47EF1BF35}.Release|Any CPU.Build.0 = Release|Any CPU
		{7939F71C-C1B0-4591-8A45-F737AAD5EFAE}.Debug|Any CPU.ActiveCfg = Debug|Any CPU
		{7939F71C-C1B0-4591-8A45-F737AAD5EFAE}.Debug|Any CPU.Build.0 = Debug|Any CPU
		{7939F71C-C1B0-4591-8A45-F737AAD5EFAE}.Release|Any CPU.ActiveCfg = Release|Any CPU
		{7939F71C-C1B0-4591-8A45-F737AAD5EFAE}.Release|Any CPU.Build.0 = Release|Any CPU
		{75778609-133C-45D4-AC3F-A2EED6DBF513}.Debug|Any CPU.ActiveCfg = Debug|Any CPU
		{75778609-133C-45D4-AC3F-A2EED6DBF513}.Debug|Any CPU.Build.0 = Debug|Any CPU
		{75778609-133C-45D4-AC3F-A2EED6DBF513}.Release|Any CPU.ActiveCfg = Release|Any CPU
		{75778609-133C-45D4-AC3F-A2EED6DBF513}.Release|Any CPU.Build.0 = Release|Any CPU
		{99027627-8B9E-46CD-B450-EBF503D480E4}.Debug|Any CPU.ActiveCfg = Debug|Any CPU
		{99027627-8B9E-46CD-B450-EBF503D480E4}.Debug|Any CPU.Build.0 = Debug|Any CPU
		{99027627-8B9E-46CD-B450-EBF503D480E4}.Release|Any CPU.ActiveCfg = Release|Any CPU
		{99027627-8B9E-46CD-B450-EBF503D480E4}.Release|Any CPU.Build.0 = Release|Any CPU
		{C5C4DD7D-88D9-457C-868D-933B49073883}.Debug|Any CPU.ActiveCfg = Debug|Any CPU
		{C5C4DD7D-88D9-457C-868D-933B49073883}.Debug|Any CPU.Build.0 = Debug|Any CPU
		{C5C4DD7D-88D9-457C-868D-933B49073883}.Release|Any CPU.ActiveCfg = Release|Any CPU
		{C5C4DD7D-88D9-457C-868D-933B49073883}.Release|Any CPU.Build.0 = Release|Any CPU
		{D83AF8E5-CF39-460A-B8C9-242C249105E5}.Debug|Any CPU.ActiveCfg = Debug|Any CPU
		{D83AF8E5-CF39-460A-B8C9-242C249105E5}.Debug|Any CPU.Build.0 = Debug|Any CPU
		{D83AF8E5-CF39-460A-B8C9-242C249105E5}.Release|Any CPU.ActiveCfg = Release|Any CPU
		{D83AF8E5-CF39-460A-B8C9-242C249105E5}.Release|Any CPU.Build.0 = Release|Any CPU
		{6D8498FF-E241-4166-9F49-E9BAE5C36371}.Debug|Any CPU.ActiveCfg = Debug|Any CPU
		{6D8498FF-E241-4166-9F49-E9BAE5C36371}.Debug|Any CPU.Build.0 = Debug|Any CPU
		{6D8498FF-E241-4166-9F49-E9BAE5C36371}.Release|Any CPU.ActiveCfg = Release|Any CPU
		{6D8498FF-E241-4166-9F49-E9BAE5C36371}.Release|Any CPU.Build.0 = Release|Any CPU
		{853A701B-A6B7-444F-A123-14B72ACE1176}.Debug|Any CPU.ActiveCfg = Debug|Any CPU
		{853A701B-A6B7-444F-A123-14B72ACE1176}.Debug|Any CPU.Build.0 = Debug|Any CPU
		{853A701B-A6B7-444F-A123-14B72ACE1176}.Release|Any CPU.ActiveCfg = Release|Any CPU
		{853A701B-A6B7-444F-A123-14B72ACE1176}.Release|Any CPU.Build.0 = Release|Any CPU
		{A428DF42-B88D-49EC-94BB-6454DFC297C5}.Debug|Any CPU.ActiveCfg = Debug|Any CPU
		{A428DF42-B88D-49EC-94BB-6454DFC297C5}.Debug|Any CPU.Build.0 = Debug|Any CPU
		{A428DF42-B88D-49EC-94BB-6454DFC297C5}.Release|Any CPU.ActiveCfg = Release|Any CPU
		{A428DF42-B88D-49EC-94BB-6454DFC297C5}.Release|Any CPU.Build.0 = Release|Any CPU
		{5AE41D00-6A77-464E-A4B8-66B6D911568A}.Debug|Any CPU.ActiveCfg = Debug|Any CPU
		{5AE41D00-6A77-464E-A4B8-66B6D911568A}.Debug|Any CPU.Build.0 = Debug|Any CPU
		{5AE41D00-6A77-464E-A4B8-66B6D911568A}.Release|Any CPU.ActiveCfg = Release|Any CPU
		{5AE41D00-6A77-464E-A4B8-66B6D911568A}.Release|Any CPU.Build.0 = Release|Any CPU
		{E5204137-6D86-46B7-A12D-F0B6A0EEE1C4}.Debug|Any CPU.ActiveCfg = Debug|Any CPU
		{E5204137-6D86-46B7-A12D-F0B6A0EEE1C4}.Debug|Any CPU.Build.0 = Debug|Any CPU
		{E5204137-6D86-46B7-A12D-F0B6A0EEE1C4}.Release|Any CPU.ActiveCfg = Release|Any CPU
		{E5204137-6D86-46B7-A12D-F0B6A0EEE1C4}.Release|Any CPU.Build.0 = Release|Any CPU
		{9B889B94-A006-4350-BD6B-AB2ABC9DE6A4}.Debug|Any CPU.ActiveCfg = Debug|Any CPU
		{9B889B94-A006-4350-BD6B-AB2ABC9DE6A4}.Debug|Any CPU.Build.0 = Debug|Any CPU
		{9B889B94-A006-4350-BD6B-AB2ABC9DE6A4}.Release|Any CPU.ActiveCfg = Release|Any CPU
		{9B889B94-A006-4350-BD6B-AB2ABC9DE6A4}.Release|Any CPU.Build.0 = Release|Any CPU
		{2DA36BAD-C26B-49FA-9218-B053CCDE0526}.Debug|Any CPU.ActiveCfg = Debug|Any CPU
		{2DA36BAD-C26B-49FA-9218-B053CCDE0526}.Debug|Any CPU.Build.0 = Debug|Any CPU
		{2DA36BAD-C26B-49FA-9218-B053CCDE0526}.Release|Any CPU.ActiveCfg = Release|Any CPU
		{2DA36BAD-C26B-49FA-9218-B053CCDE0526}.Release|Any CPU.Build.0 = Release|Any CPU
		{D9BB2CA3-F8E4-4DDB-94C1-B6D630DF17FA}.Debug|Any CPU.ActiveCfg = Debug|Any CPU
		{D9BB2CA3-F8E4-4DDB-94C1-B6D630DF17FA}.Debug|Any CPU.Build.0 = Debug|Any CPU
		{D9BB2CA3-F8E4-4DDB-94C1-B6D630DF17FA}.Release|Any CPU.ActiveCfg = Release|Any CPU
		{D9BB2CA3-F8E4-4DDB-94C1-B6D630DF17FA}.Release|Any CPU.Build.0 = Release|Any CPU
		{7DB58FCF-11A7-405F-A2D9-B70AF302FD5B}.Debug|Any CPU.ActiveCfg = Debug|Any CPU
		{7DB58FCF-11A7-405F-A2D9-B70AF302FD5B}.Debug|Any CPU.Build.0 = Debug|Any CPU
		{7DB58FCF-11A7-405F-A2D9-B70AF302FD5B}.Release|Any CPU.ActiveCfg = Release|Any CPU
		{7DB58FCF-11A7-405F-A2D9-B70AF302FD5B}.Release|Any CPU.Build.0 = Release|Any CPU
		{618F6B4C-490B-49A0-A664-18E63A7CD646}.Debug|Any CPU.ActiveCfg = Debug|Any CPU
		{618F6B4C-490B-49A0-A664-18E63A7CD646}.Debug|Any CPU.Build.0 = Debug|Any CPU
		{618F6B4C-490B-49A0-A664-18E63A7CD646}.Release|Any CPU.ActiveCfg = Release|Any CPU
		{618F6B4C-490B-49A0-A664-18E63A7CD646}.Release|Any CPU.Build.0 = Release|Any CPU
		{8D2435C0-0D78-48CB-AAC0-B4E7F9C5235C}.Debug|Any CPU.ActiveCfg = Debug|Any CPU
		{8D2435C0-0D78-48CB-AAC0-B4E7F9C5235C}.Debug|Any CPU.Build.0 = Debug|Any CPU
		{8D2435C0-0D78-48CB-AAC0-B4E7F9C5235C}.Release|Any CPU.ActiveCfg = Release|Any CPU
		{8D2435C0-0D78-48CB-AAC0-B4E7F9C5235C}.Release|Any CPU.Build.0 = Release|Any CPU
		{156D73AB-5970-4073-930D-9F599B29C3E1}.Debug|Any CPU.ActiveCfg = Debug|Any CPU
		{156D73AB-5970-4073-930D-9F599B29C3E1}.Debug|Any CPU.Build.0 = Debug|Any CPU
		{156D73AB-5970-4073-930D-9F599B29C3E1}.Release|Any CPU.ActiveCfg = Release|Any CPU
		{156D73AB-5970-4073-930D-9F599B29C3E1}.Release|Any CPU.Build.0 = Release|Any CPU
		{C3C13D1B-C96B-4CEA-9392-F552B585D767}.Debug|Any CPU.ActiveCfg = Debug|Any CPU
		{C3C13D1B-C96B-4CEA-9392-F552B585D767}.Debug|Any CPU.Build.0 = Debug|Any CPU
		{C3C13D1B-C96B-4CEA-9392-F552B585D767}.Release|Any CPU.ActiveCfg = Release|Any CPU
		{C3C13D1B-C96B-4CEA-9392-F552B585D767}.Release|Any CPU.Build.0 = Release|Any CPU
		{A55111F2-50A5-4BFE-AD36-0B57F4E33FF1}.Debug|Any CPU.ActiveCfg = Debug|Any CPU
		{A55111F2-50A5-4BFE-AD36-0B57F4E33FF1}.Debug|Any CPU.Build.0 = Debug|Any CPU
		{A55111F2-50A5-4BFE-AD36-0B57F4E33FF1}.Release|Any CPU.ActiveCfg = Release|Any CPU
		{A55111F2-50A5-4BFE-AD36-0B57F4E33FF1}.Release|Any CPU.Build.0 = Release|Any CPU
		{DDDFAE10-1804-415C-ABF7-487102A6969D}.Debug|Any CPU.ActiveCfg = Debug|Any CPU
		{DDDFAE10-1804-415C-ABF7-487102A6969D}.Debug|Any CPU.Build.0 = Debug|Any CPU
		{DDDFAE10-1804-415C-ABF7-487102A6969D}.Release|Any CPU.ActiveCfg = Release|Any CPU
		{DDDFAE10-1804-415C-ABF7-487102A6969D}.Release|Any CPU.Build.0 = Release|Any CPU
		{CB5392A3-D473-4302-B6B0-2E186DE22A98}.Debug|Any CPU.ActiveCfg = Debug|Any CPU
		{CB5392A3-D473-4302-B6B0-2E186DE22A98}.Debug|Any CPU.Build.0 = Debug|Any CPU
		{CB5392A3-D473-4302-B6B0-2E186DE22A98}.Release|Any CPU.ActiveCfg = Release|Any CPU
		{CB5392A3-D473-4302-B6B0-2E186DE22A98}.Release|Any CPU.Build.0 = Release|Any CPU
		{3B1BC2D9-FB5C-4B72-AB13-4A54795EC318}.Debug|Any CPU.ActiveCfg = Debug|Any CPU
		{3B1BC2D9-FB5C-4B72-AB13-4A54795EC318}.Debug|Any CPU.Build.0 = Debug|Any CPU
		{3B1BC2D9-FB5C-4B72-AB13-4A54795EC318}.Release|Any CPU.ActiveCfg = Release|Any CPU
		{3B1BC2D9-FB5C-4B72-AB13-4A54795EC318}.Release|Any CPU.Build.0 = Release|Any CPU
	EndGlobalSection
	GlobalSection(SolutionProperties) = preSolution
		HideSolutionNode = FALSE
	EndGlobalSection
	GlobalSection(NestedProjects) = preSolution
		{15D138B2-5BE4-43EA-B5F1-A1A68E2895BC} = {911AAD54-4FF3-4B75-B19B-B6B40084CC70}
		{A35BE5F0-0694-4B75-A8AB-A0B8BA73B009} = {911AAD54-4FF3-4B75-B19B-B6B40084CC70}
		{7939F71C-C1B0-4591-8A45-F737AAD5EFAE} = {A35BE5F0-0694-4B75-A8AB-A0B8BA73B009}
		{75778609-133C-45D4-AC3F-A2EED6DBF513} = {15D138B2-5BE4-43EA-B5F1-A1A68E2895BC}
		{3233440D-49F1-4FA7-AFE1-56FAD8B85AB8} = {911AAD54-4FF3-4B75-B19B-B6B40084CC70}
		{99027627-8B9E-46CD-B450-EBF503D480E4} = {3233440D-49F1-4FA7-AFE1-56FAD8B85AB8}
		{BC88D5B7-475A-4349-A041-439E45B78E74} = {911AAD54-4FF3-4B75-B19B-B6B40084CC70}
		{C5C4DD7D-88D9-457C-868D-933B49073883} = {BC88D5B7-475A-4349-A041-439E45B78E74}
		{DC35D1C9-F91A-4899-9A0A-0A3DE6C4095C} = {911AAD54-4FF3-4B75-B19B-B6B40084CC70}
		{D83AF8E5-CF39-460A-B8C9-242C249105E5} = {DC35D1C9-F91A-4899-9A0A-0A3DE6C4095C}
		{5643A00C-B139-47CE-AD57-EBE674FD3349} = {911AAD54-4FF3-4B75-B19B-B6B40084CC70}
		{6D8498FF-E241-4166-9F49-E9BAE5C36371} = {5643A00C-B139-47CE-AD57-EBE674FD3349}
		{5824784B-CF21-42C8-A123-BB7DFF606E8E} = {911AAD54-4FF3-4B75-B19B-B6B40084CC70}
		{853A701B-A6B7-444F-A123-14B72ACE1176} = {5824784B-CF21-42C8-A123-BB7DFF606E8E}
		{A428DF42-B88D-49EC-94BB-6454DFC297C5} = {5824784B-CF21-42C8-A123-BB7DFF606E8E}
		{57AE1C32-1C8F-4241-8125-ED701406A49F} = {911AAD54-4FF3-4B75-B19B-B6B40084CC70}
		{5AE41D00-6A77-464E-A4B8-66B6D911568A} = {57AE1C32-1C8F-4241-8125-ED701406A49F}
		{F9663D61-CE2F-4557-89D1-7DA571C4FCC7} = {911AAD54-4FF3-4B75-B19B-B6B40084CC70}
		{E5204137-6D86-46B7-A12D-F0B6A0EEE1C4} = {F9663D61-CE2F-4557-89D1-7DA571C4FCC7}
		{9B889B94-A006-4350-BD6B-AB2ABC9DE6A4} = {5824784B-CF21-42C8-A123-BB7DFF606E8E}
		{AA1818C6-AD57-49D6-8EFE-B6F60F05B114} = {911AAD54-4FF3-4B75-B19B-B6B40084CC70}
		{2DA36BAD-C26B-49FA-9218-B053CCDE0526} = {AA1818C6-AD57-49D6-8EFE-B6F60F05B114}
		{6D437F1E-5D93-4AB5-8121-A2BEEB1B77DF} = {911AAD54-4FF3-4B75-B19B-B6B40084CC70}
		{D9BB2CA3-F8E4-4DDB-94C1-B6D630DF17FA} = {6D437F1E-5D93-4AB5-8121-A2BEEB1B77DF}
		{66EB132E-199B-4A5D-AC46-D584994E49E0} = {911AAD54-4FF3-4B75-B19B-B6B40084CC70}
		{7DB58FCF-11A7-405F-A2D9-B70AF302FD5B} = {66EB132E-199B-4A5D-AC46-D584994E49E0}
		{618F6B4C-490B-49A0-A664-18E63A7CD646} = {5824784B-CF21-42C8-A123-BB7DFF606E8E}
		{B65A414C-003B-46AE-BEEB-D6E3B26164B5} = {C65AE653-BD6D-4D51-8261-B414124BBEC2}
		{B883DBD3-63AE-4D00-BE53-5905D24DE911} = {B65A414C-003B-46AE-BEEB-D6E3B26164B5}
		{415BBC99-BDB4-46C5-BFCB-FFBB36231456} = {B65A414C-003B-46AE-BEEB-D6E3B26164B5}
		{E39180B3-ABAF-4EE3-B24B-9DAEE1401BC5} = {B65A414C-003B-46AE-BEEB-D6E3B26164B5}
		{F5D6812D-B177-4167-8492-8EC474B1E7A1} = {B65A414C-003B-46AE-BEEB-D6E3B26164B5}
		{8D2435C0-0D78-48CB-AAC0-B4E7F9C5235C} = {B883DBD3-63AE-4D00-BE53-5905D24DE911}
		{156D73AB-5970-4073-930D-9F599B29C3E1} = {B883DBD3-63AE-4D00-BE53-5905D24DE911}
		{C3C13D1B-C96B-4CEA-9392-F552B585D767} = {B883DBD3-63AE-4D00-BE53-5905D24DE911}
		{A55111F2-50A5-4BFE-AD36-0B57F4E33FF1} = {415BBC99-BDB4-46C5-BFCB-FFBB36231456}
		{DDDFAE10-1804-415C-ABF7-487102A6969D} = {415BBC99-BDB4-46C5-BFCB-FFBB36231456}
		{CB5392A3-D473-4302-B6B0-2E186DE22A98} = {415BBC99-BDB4-46C5-BFCB-FFBB36231456}
	EndGlobalSection
	GlobalSection(ExtensibilityGlobals) = postSolution
		SolutionGuid = {B72DD268-8B66-4ECD-96D4-9643EF0C2B9B}
	EndGlobalSection
EndGlobal
